# THIS IS AN AUTOGENERATED FILE. DO NOT EDIT THIS FILE DIRECTLY.
# yarn lockfile v1


"@zmonitor/common@workspace:*":
  version "1.0.0"
  resolved "https://registry.yarnpkg.com/@zmonitor/common/-/common-1.0.0.tgz#98fb8240e94a3e285ac3b05723847194131ac6c6"
  integrity sha512-jl6v9ik5Sv1cabPRFiz4LzoiHuY9qFHKCDkXhU4MTB3cY2k8YBsJI7bvUjFN1Nb7S+krfDGSmxuQI3WiLpR/Jg==
