# THIS IS AN AUTOGENERATED FILE. DO NOT EDIT THIS FILE DIRECTLY.
# yarn lockfile v1


"@types/css-font-loading-module@0.0.7":
  version "0.0.7"
  resolved "https://registry.npmmirror.com/@types/css-font-loading-module/-/css-font-loading-module-0.0.7.tgz#2f98ede46acc0975de85c0b7b0ebe06041d24601"
  integrity sha512-nl09VhutdjINdWyXxHWN/w9zlNCfr60JUqJbd24YXUuCwgeL0TpFSdElCwb6cxfB6ybE19Gjj4g0jsgkXxKv1Q==

"@types/pako@^2.0.0":
  version "2.0.3"
  resolved "https://registry.npmmirror.com/@types/pako/-/pako-2.0.3.tgz#b6993334f3af27c158f3fe0dfeeba987c578afb1"
  integrity sha512-bq0hMV9opAcrmE0Byyo0fY3Ew4tgOevJmQ9grUhpXQhYfyLJ1Kqg3P33JT5fdbT2AjeAjR51zqqVjAL/HMkx7Q==

"@types/ua-parser-js@^0.7.36":
  version "0.7.39"
  resolved "https://registry.npmmirror.com/@types/ua-parser-js/-/ua-parser-js-0.7.39.tgz#832c58e460c9435e4e34bb866e85e9146e12cdbb"
  integrity sha512-P/oDfpofrdtF5xw433SPALpdSchtJmY7nsJItf8h3KXqOslkbySh8zq4dSWXH2oTjRvJ5PczVEoCZPow6GicLg==

"@xstate/fsm@^1.4.0":
  version "1.6.5"
  resolved "https://registry.npmmirror.com/@xstate/fsm/-/fsm-1.6.5.tgz#f599e301997ad7e3c572a0b1ff0696898081bea5"
  integrity sha512-b5o1I6aLNeYlU/3CPlj/Z91ybk1gUsKT+5NAJI+2W4UjvS5KLG28K9v5UvNoFVjHV8PajVZ00RH3vnjyQO7ZAw==

"@zmonitor/common@1.0.0", "@zmonitor/common@workspace:*":
  version "1.0.0"
  resolved "https://registry.yarnpkg.com/@zmonitor/common/-/common-1.0.0.tgz#98fb8240e94a3e285ac3b05723847194131ac6c6"
  integrity sha512-jl6v9ik5Sv1cabPRFiz4LzoiHuY9qFHKCDkXhU4MTB3cY2k8YBsJI7bvUjFN1Nb7S+krfDGSmxuQI3WiLpR/Jg==

"@zmonitor/core@1.0.0":
  version "1.0.0"
  resolved "https://registry.yarnpkg.com/@zmonitor/core/-/core-1.0.0.tgz#f8473aa7c11c0198f675fd62a30a1ac698c9d819"
  integrity sha512-AU+jt/qE99YJXr9F8d/ur9rNVSbmqw8Uup4f5S7IrfDjt3iaUaz2KKO0oPfjRqF4LGigacjb/xAooabt5RsTsw==
  dependencies:
    "@zmonitor/common" "1.0.0"
    "@zmonitor/types" "1.0.0"
    "@zmonitor/utils" "1.0.0"

"@zmonitor/types@1.0.0", "@zmonitor/types@workspace:*":
  version "1.0.0"
  resolved "https://registry.yarnpkg.com/@zmonitor/types/-/types-1.0.0.tgz#1fe70ee5fe004edccbae68fc99c1834c4639371f"
  integrity sha512-evVb1v4xrPOc6n1/i/kY1FE8QTPyyEfFPjqAht/Tj8FOkzc5iIXQtNma4LS4Z2rI1OrofCc09CJ/wXUdagRu2A==
  dependencies:
    "@zmonitor/common" "1.0.0"

"@zmonitor/utils@1.0.0", "@zmonitor/utils@workspace:*":
  version "1.0.0"
  resolved "https://registry.yarnpkg.com/@zmonitor/utils/-/utils-1.0.0.tgz#83012259c974854bc2c9b5f40e707fa2db657806"
  integrity sha512-PUhkWj0hF3X3XJ+kNEI4lLdG9hJgTbMLKaBJKRATjYqo5wpeyKtoFFKB419XkIjTfWoPeBN49+xQOZRoYLH6aQ==
  dependencies:
    "@types/ua-parser-js" "^0.7.36"
    "@zmonitor/common" "1.0.0"
    "@zmonitor/core" "1.0.0"
    "@zmonitor/types" "1.0.0"
    ua-parser-js "1.0.32"

base64-arraybuffer@^1.0.1:
  version "1.0.2"
  resolved "https://registry.npmmirror.com/base64-arraybuffer/-/base64-arraybuffer-1.0.2.tgz#1c37589a7c4b0746e34bd1feb951da2df01c1bdc"
  integrity sha512-I3yl4r9QB5ZRY3XuJVEPfc2XhZO6YweFPI+UovAzn+8/hb3oJ6lnysaFcjVpkCPfVWFUDvoZ8kmVDP7WyRtYtQ==

fflate@^0.4.4:
  version "0.4.8"
  resolved "https://registry.npmmirror.com/fflate/-/fflate-0.4.8.tgz#f90b82aefbd8ac174213abb338bd7ef848f0f5ae"
  integrity sha512-FJqqoDBR00Mdj9ppamLa/Y7vxm+PRmNWA67N846RvsoYVMKB4q3y/de5PA7gUmRMYK/8CMz2GDZQmCRN1wBcWA==

js-base64@3.7.3:
  version "3.7.3"
  resolved "https://registry.npmmirror.com/js-base64/-/js-base64-3.7.3.tgz#2e784bb0851636bf1e99ef12e4f3a8a8c9b7639f"
  integrity sha512-PAr6Xg2jvd7MCR6Ld9Jg3BmTcjYsHEBx1VlwEwULb/qowPf5VD9kEMagj23Gm7JRnSvE/Da/57nChZjnvL8v6A==

mitt@^1.1.3:
  version "1.2.0"
  resolved "https://registry.npmmirror.com/mitt/-/mitt-1.2.0.tgz#cb24e6569c806e31bd4e3995787fe38a04fdf90d"
  integrity sha512-r6lj77KlwqLhIUku9UWYes7KJtsczvolZkzp8hbaDPPaE24OmWl5s539Mytlj22siEQKosZ26qCBgda2PKwoJw==

pako@2.1.0:
  version "2.1.0"
  resolved "https://registry.npmmirror.com/pako/-/pako-2.1.0.tgz#266cc37f98c7d883545d11335c00fbd4062c9a86"
  integrity sha512-w+eufiZ1WuJYgPXbV/PO3NCMEc3xqylkKHzp8bxp1uW4qaSNQUkwmLLEc3kKsfz8lpV1F8Ht3U1Cm+9Srog2ug==

rrweb-snapshot@^1.1.14:
  version "1.1.14"
  resolved "https://registry.npmmirror.com/rrweb-snapshot/-/rrweb-snapshot-1.1.14.tgz#9d4d9be54a28a893373428ee4393ec7e5bd83fcc"
  integrity sha512-eP5pirNjP5+GewQfcOQY4uBiDnpqxNRc65yKPW0eSoU1XamDfc4M8oqpXGMyUyvLyxFDB0q0+DChuxxiU2FXBQ==

rrweb@1.1.3:
  version "1.1.3"
  resolved "https://registry.npmmirror.com/rrweb/-/rrweb-1.1.3.tgz#4fbb3d473d71c79b6c30a54e585e5a01c8ac08bb"
  integrity sha512-F2qp8LteJLyycsv+lCVJqtVpery63L3U+/ogqMA0da8R7Jx57o6gT+HpjrzdeeGMIBZR7kKNaKyJwDupTTu5KA==
  dependencies:
    "@types/css-font-loading-module" "0.0.7"
    "@xstate/fsm" "^1.4.0"
    base64-arraybuffer "^1.0.1"
    fflate "^0.4.4"
    mitt "^1.1.3"
    rrweb-snapshot "^1.1.14"

ua-parser-js@1.0.32:
  version "1.0.32"
  resolved "https://registry.npmmirror.com/ua-parser-js/-/ua-parser-js-1.0.32.tgz#786bf17df97de159d5b1c9d5e8e9e89806f8a030"
  integrity sha512-dXVsz3M4j+5tTiovFVyVqssXBu5HM47//YSOeZ9fQkdDKkfzv2v3PP1jmH6FUyPW+yCSn7aBVK1fGGKNhowdDA==
