# THIS IS AN AUTOGENERATED FILE. DO NOT EDIT THIS FILE DIRECTLY.
# yarn lockfile v1


"@types/ua-parser-js@^0.7.36":
  version "0.7.39"
  resolved "https://registry.npmmirror.com/@types/ua-parser-js/-/ua-parser-js-0.7.39.tgz#832c58e460c9435e4e34bb866e85e9146e12cdbb"
  integrity sha512-P/oDfpofrdtF5xw433SPALpdSchtJmY7nsJItf8h3KXqOslkbySh8zq4dSWXH2oTjRvJ5PczVEoCZPow6GicLg==

"@zmonitor/common@1.0.0", "@zmonitor/common@workspace:*":
  version "1.0.0"
  resolved "https://registry.yarnpkg.com/@zmonitor/common/-/common-1.0.0.tgz#98fb8240e94a3e285ac3b05723847194131ac6c6"
  integrity sha512-jl6v9ik5Sv1cabPRFiz4LzoiHuY9qFHKCDkXhU4MTB3cY2k8YBsJI7bvUjFN1Nb7S+krfDGSmxuQI3WiLpR/Jg==

"@zmonitor/core@1.0.0":
  version "1.0.0"
  resolved "https://registry.yarnpkg.com/@zmonitor/core/-/core-1.0.0.tgz#f8473aa7c11c0198f675fd62a30a1ac698c9d819"
  integrity sha512-AU+jt/qE99YJXr9F8d/ur9rNVSbmqw8Uup4f5S7IrfDjt3iaUaz2KKO0oPfjRqF4LGigacjb/xAooabt5RsTsw==
  dependencies:
    "@zmonitor/common" "1.0.0"
    "@zmonitor/types" "1.0.0"
    "@zmonitor/utils" "1.0.0"

"@zmonitor/types@1.0.0", "@zmonitor/types@workspace:*":
  version "1.0.0"
  resolved "https://registry.yarnpkg.com/@zmonitor/types/-/types-1.0.0.tgz#1fe70ee5fe004edccbae68fc99c1834c4639371f"
  integrity sha512-evVb1v4xrPOc6n1/i/kY1FE8QTPyyEfFPjqAht/Tj8FOkzc5iIXQtNma4LS4Z2rI1OrofCc09CJ/wXUdagRu2A==
  dependencies:
    "@zmonitor/common" "1.0.0"

"@zmonitor/utils@1.0.0", "@zmonitor/utils@workspace:*":
  version "1.0.0"
  resolved "https://registry.yarnpkg.com/@zmonitor/utils/-/utils-1.0.0.tgz#83012259c974854bc2c9b5f40e707fa2db657806"
  integrity sha512-PUhkWj0hF3X3XJ+kNEI4lLdG9hJgTbMLKaBJKRATjYqo5wpeyKtoFFKB419XkIjTfWoPeBN49+xQOZRoYLH6aQ==
  dependencies:
    "@types/ua-parser-js" "^0.7.36"
    "@zmonitor/common" "1.0.0"
    "@zmonitor/core" "1.0.0"
    "@zmonitor/types" "1.0.0"
    ua-parser-js "1.0.32"

ua-parser-js@1.0.32:
  version "1.0.32"
  resolved "https://registry.npmmirror.com/ua-parser-js/-/ua-parser-js-1.0.32.tgz#786bf17df97de159d5b1c9d5e8e9e89806f8a030"
  integrity sha512-dXVsz3M4j+5tTiovFVyVqssXBu5HM47//YSOeZ9fQkdDKkfzv2v3PP1jmH6FUyPW+yCSn7aBVK1fGGKNhowdDA==
